
Microsoft Visual Studio Solution File, Format Version 12.00
# Visual Studio Version 16
VisualStudioVersion = 16.0.30204.135
MinimumVisualStudioVersion = 10.0.40219.1
Project("{9A19103F-16F7-4668-BE54-9A1E7A4F7556}") = "FtB_Common", "FtB_Common\FtB_Common.csproj", "{3646904E-BC65-4152-AFE7-8DBE216930C5}"
EndProject
Project("{9A19103F-16F7-4668-BE54-9A1E7A4F7556}") = "FtB_FuncPrepareSending", "FtB_FuncPrepareSending\FtB_FuncPrepareSending.csproj", "{A42B80B8-77DE-48F0-9988-5F512CBE98DA}"
EndProject
Project("{9A19103F-16F7-4668-BE54-9A1E7A4F7556}") = "FtB_NotificationDataModels", "FtB_NotificationDataModels\FtB_NotificationDataModels.csproj", "{37F7F0E0-9BBA-4768-9319-232EB41CA78C}"
EndProject
Project("{9A19103F-16F7-4668-BE54-9A1E7A4F7556}") = "FtB_ShipmentDataModels", "FtB_ShipmentDatamodels\FtB_ShipmentDataModels.csproj", "{6E9BC8BB-EBD2-4066-B7F6-3DD407D3A356}"
EndProject
Project("{9A19103F-16F7-4668-BE54-9A1E7A4F7556}") = "FtB_PrepareSending", "FtB_PrepareSending\FtB_PrepareSending.csproj", "{7A8729FA-330C-47D3-8D52-F57A1824F5F5}"
EndProject
Project("{9A19103F-16F7-4668-BE54-9A1E7A4F7556}") = "FtB_Sender", "FtB_Sender\FtB_Sender.csproj", "{6CEAD2AA-4E58-40C7-B4C6-27102AB03AED}"
EndProject
Project("{9A19103F-16F7-4668-BE54-9A1E7A4F7556}") = "FtB_Reporter", "FtB_Reporter\FtB_Reporter.csproj", "{38E06140-39A7-402D-825E-E32DBD1CB764}"
EndProject
Project("{9A19103F-16F7-4668-BE54-9A1E7A4F7556}") = "FtB_DistributionDataModels", "FtB_DistributionDataModels\FtB_DistributionDataModels.csproj", "{005220A0-051C-470F-9507-6DBE42FB743A}"
EndProject
Global
	GlobalSection(SolutionConfigurationPlatforms) = preSolution
		Debug|Any CPU = Debug|Any CPU
		Release|Any CPU = Release|Any CPU
	EndGlobalSection
	GlobalSection(ProjectConfigurationPlatforms) = postSolution
		{3646904E-BC65-4152-AFE7-8DBE216930C5}.Debug|Any CPU.ActiveCfg = Debug|Any CPU
		{3646904E-BC65-4152-AFE7-8DBE216930C5}.Debug|Any CPU.Build.0 = Debug|Any CPU
		{3646904E-BC65-4152-AFE7-8DBE216930C5}.Release|Any CPU.ActiveCfg = Release|Any CPU
		{3646904E-BC65-4152-AFE7-8DBE216930C5}.Release|Any CPU.Build.0 = Release|Any CPU
		{A42B80B8-77DE-48F0-9988-5F512CBE98DA}.Debug|Any CPU.ActiveCfg = Debug|Any CPU
		{A42B80B8-77DE-48F0-9988-5F512CBE98DA}.Debug|Any CPU.Build.0 = Debug|Any CPU
		{A42B80B8-77DE-48F0-9988-5F512CBE98DA}.Release|Any CPU.ActiveCfg = Release|Any CPU
		{A42B80B8-77DE-48F0-9988-5F512CBE98DA}.Release|Any CPU.Build.0 = Release|Any CPU
		{37F7F0E0-9BBA-4768-9319-232EB41CA78C}.Debug|Any CPU.ActiveCfg = Debug|Any CPU
		{37F7F0E0-9BBA-4768-9319-232EB41CA78C}.Debug|Any CPU.Build.0 = Debug|Any CPU
		{37F7F0E0-9BBA-4768-9319-232EB41CA78C}.Release|Any CPU.ActiveCfg = Release|Any CPU
		{37F7F0E0-9BBA-4768-9319-232EB41CA78C}.Release|Any CPU.Build.0 = Release|Any CPU
		{6E9BC8BB-EBD2-4066-B7F6-3DD407D3A356}.Debug|Any CPU.ActiveCfg = Debug|Any CPU
		{6E9BC8BB-EBD2-4066-B7F6-3DD407D3A356}.Debug|Any CPU.Build.0 = Debug|Any CPU
		{6E9BC8BB-EBD2-4066-B7F6-3DD407D3A356}.Release|Any CPU.ActiveCfg = Release|Any CPU
		{6E9BC8BB-EBD2-4066-B7F6-3DD407D3A356}.Release|Any CPU.Build.0 = Release|Any CPU
		{7A8729FA-330C-47D3-8D52-F57A1824F5F5}.Debug|Any CPU.ActiveCfg = Debug|Any CPU
		{7A8729FA-330C-47D3-8D52-F57A1824F5F5}.Debug|Any CPU.Build.0 = Debug|Any CPU
		{7A8729FA-330C-47D3-8D52-F57A1824F5F5}.Release|Any CPU.ActiveCfg = Release|Any CPU
		{7A8729FA-330C-47D3-8D52-F57A1824F5F5}.Release|Any CPU.Build.0 = Release|Any CPU
		{6CEAD2AA-4E58-40C7-B4C6-27102AB03AED}.Debug|Any CPU.ActiveCfg = Debug|Any CPU
		{6CEAD2AA-4E58-40C7-B4C6-27102AB03AED}.Debug|Any CPU.Build.0 = Debug|Any CPU
		{6CEAD2AA-4E58-40C7-B4C6-27102AB03AED}.Release|Any CPU.ActiveCfg = Release|Any CPU
		{6CEAD2AA-4E58-40C7-B4C6-27102AB03AED}.Release|Any CPU.Build.0 = Release|Any CPU
		{38E06140-39A7-402D-825E-E32DBD1CB764}.Debug|Any CPU.ActiveCfg = Debug|Any CPU
		{38E06140-39A7-402D-825E-E32DBD1CB764}.Debug|Any CPU.Build.0 = Debug|Any CPU
		{38E06140-39A7-402D-825E-E32DBD1CB764}.Release|Any CPU.ActiveCfg = Release|Any CPU
		{38E06140-39A7-402D-825E-E32DBD1CB764}.Release|Any CPU.Build.0 = Release|Any CPU
		{005220A0-051C-470F-9507-6DBE42FB743A}.Debug|Any CPU.ActiveCfg = Debug|Any CPU
		{005220A0-051C-470F-9507-6DBE42FB743A}.Debug|Any CPU.Build.0 = Debug|Any CPU
		{005220A0-051C-470F-9507-6DBE42FB743A}.Release|Any CPU.ActiveCfg = Release|Any CPU
		{005220A0-051C-470F-9507-6DBE42FB743A}.Release|Any CPU.Build.0 = Release|Any CPU
	EndGlobalSection
	GlobalSection(SolutionProperties) = preSolution
		HideSolutionNode = FALSE
	EndGlobalSection
	GlobalSection(ExtensibilityGlobals) = postSolution
		SolutionGuid = {AFB82124-49F1-43CE-97D9-30E4724A0005}
	EndGlobalSection
EndGlobal
