
Microsoft Visual Studio Solution File, Format Version 12.00
# Visual Studio Version 16
VisualStudioVersion = 16.0.30204.135
MinimumVisualStudioVersion = 10.0.40219.1
Project("{9A19103F-16F7-4668-BE54-9A1E7A4F7556}") = "FtB_Common", "FtB_Common\FtB_Common.csproj", "{3646904E-BC65-4152-AFE7-8DBE216930C5}"
EndProject
Project("{9A19103F-16F7-4668-BE54-9A1E7A4F7556}") = "FtB_FuncPrepareSending", "FtB_FuncPrepareSending\FtB_FuncPrepareSending.csproj", "{A42B80B8-77DE-48F0-9988-5F512CBE98DA}"
EndProject
Project("{9A19103F-16F7-4668-BE54-9A1E7A4F7556}") = "FtB_ProcessStrategies", "FtB_ProcessStrategies\FtB_ProcessStrategies.csproj", "{38E06140-39A7-402D-825E-E32DBD1CB764}"
EndProject
Project("{9A19103F-16F7-4668-BE54-9A1E7A4F7556}") = "FtB_FormLogic", "FtB_FormLogic\FtB_FormLogic.csproj", "{005220A0-051C-470F-9507-6DBE42FB743A}"
EndProject
Project("{9A19103F-16F7-4668-BE54-9A1E7A4F7556}") = "FtB_FuncSender", "FtB_FuncSender\FtB_FuncSender.csproj", "{765AEB19-E5A8-4DAB-89CF-1CDDDAF83B16}"
EndProject
Project("{9A19103F-16F7-4668-BE54-9A1E7A4F7556}") = "AltinnWebServices", "AltinnWebServices\AltinnWebServices.csproj", "{AA7B9543-E08C-456C-8D4C-14FDC1D34828}"
EndProject
Project("{9A19103F-16F7-4668-BE54-9A1E7A4F7556}") = "FtB_Tests", "FtB_Tests\FtB_Tests.csproj", "{C49C6D52-CFCF-4C59-A93D-901BDD92F45B}"
EndProject
Project("{9A19103F-16F7-4668-BE54-9A1E7A4F7556}") = "FtB_DataModels", "FtB_DataModels\FtB_DataModels.csproj", "{2CB96F88-6E43-4A47-BBB3-3A8E9C6E61D1}"
EndProject
Project("{9A19103F-16F7-4668-BE54-9A1E7A4F7556}") = "FtB_FuncReporter", "FtB_FuncReporter\FtB_FuncReporter.csproj", "{0F1C5B80-B4E4-4A47-B08D-2FEE2B6F9DAE}"
EndProject
Project("{9A19103F-16F7-4668-BE54-9A1E7A4F7556}") = "FtB_MessageManager", "FtB_MessageManager\FtB_MessageManager.csproj", "{D372160F-1D7C-4FB2-B7ED-07D494FE4224}"
EndProject
Project("{2150E333-8FDC-42A3-9474-1A3956D46DE8}") = "Functions", "Functions", "{53737721-BD6F-4C5D-A34B-B1664C7847FB}"
EndProject
Project("{9A19103F-16F7-4668-BE54-9A1E7A4F7556}") = "Ftb_DbModels", "Ftb_DbModels\Ftb_DbModels.csproj", "{D63DCA85-F2E1-469C-8AC5-917D9A62C192}"
EndProject
Project("{9A19103F-16F7-4668-BE54-9A1E7A4F7556}") = "Ftb_DbRepository", "Ftb_DbRepository\Ftb_DbRepository.csproj", "{42E18AC8-5FA1-4DB4-BEC9-23C6ECC0E66C}"
EndProject
Global
	GlobalSection(SolutionConfigurationPlatforms) = preSolution
		Debug|Any CPU = Debug|Any CPU
		Release|Any CPU = Release|Any CPU
	EndGlobalSection
	GlobalSection(ProjectConfigurationPlatforms) = postSolution
		{3646904E-BC65-4152-AFE7-8DBE216930C5}.Debug|Any CPU.ActiveCfg = Debug|Any CPU
		{3646904E-BC65-4152-AFE7-8DBE216930C5}.Debug|Any CPU.Build.0 = Debug|Any CPU
		{3646904E-BC65-4152-AFE7-8DBE216930C5}.Release|Any CPU.ActiveCfg = Release|Any CPU
		{3646904E-BC65-4152-AFE7-8DBE216930C5}.Release|Any CPU.Build.0 = Release|Any CPU
		{A42B80B8-77DE-48F0-9988-5F512CBE98DA}.Debug|Any CPU.ActiveCfg = Debug|Any CPU
		{A42B80B8-77DE-48F0-9988-5F512CBE98DA}.Debug|Any CPU.Build.0 = Debug|Any CPU
		{A42B80B8-77DE-48F0-9988-5F512CBE98DA}.Release|Any CPU.ActiveCfg = Release|Any CPU
		{A42B80B8-77DE-48F0-9988-5F512CBE98DA}.Release|Any CPU.Build.0 = Release|Any CPU
		{38E06140-39A7-402D-825E-E32DBD1CB764}.Debug|Any CPU.ActiveCfg = Debug|Any CPU
		{38E06140-39A7-402D-825E-E32DBD1CB764}.Debug|Any CPU.Build.0 = Debug|Any CPU
		{38E06140-39A7-402D-825E-E32DBD1CB764}.Release|Any CPU.ActiveCfg = Release|Any CPU
		{38E06140-39A7-402D-825E-E32DBD1CB764}.Release|Any CPU.Build.0 = Release|Any CPU
		{005220A0-051C-470F-9507-6DBE42FB743A}.Debug|Any CPU.ActiveCfg = Debug|Any CPU
		{005220A0-051C-470F-9507-6DBE42FB743A}.Debug|Any CPU.Build.0 = Debug|Any CPU
		{005220A0-051C-470F-9507-6DBE42FB743A}.Release|Any CPU.ActiveCfg = Release|Any CPU
		{005220A0-051C-470F-9507-6DBE42FB743A}.Release|Any CPU.Build.0 = Release|Any CPU
		{765AEB19-E5A8-4DAB-89CF-1CDDDAF83B16}.Debug|Any CPU.ActiveCfg = Debug|Any CPU
		{765AEB19-E5A8-4DAB-89CF-1CDDDAF83B16}.Debug|Any CPU.Build.0 = Debug|Any CPU
		{765AEB19-E5A8-4DAB-89CF-1CDDDAF83B16}.Release|Any CPU.ActiveCfg = Release|Any CPU
		{765AEB19-E5A8-4DAB-89CF-1CDDDAF83B16}.Release|Any CPU.Build.0 = Release|Any CPU
		{AA7B9543-E08C-456C-8D4C-14FDC1D34828}.Debug|Any CPU.ActiveCfg = Debug|Any CPU
		{AA7B9543-E08C-456C-8D4C-14FDC1D34828}.Debug|Any CPU.Build.0 = Debug|Any CPU
		{AA7B9543-E08C-456C-8D4C-14FDC1D34828}.Release|Any CPU.ActiveCfg = Release|Any CPU
		{AA7B9543-E08C-456C-8D4C-14FDC1D34828}.Release|Any CPU.Build.0 = Release|Any CPU
		{C49C6D52-CFCF-4C59-A93D-901BDD92F45B}.Debug|Any CPU.ActiveCfg = Debug|Any CPU
		{C49C6D52-CFCF-4C59-A93D-901BDD92F45B}.Debug|Any CPU.Build.0 = Debug|Any CPU
		{C49C6D52-CFCF-4C59-A93D-901BDD92F45B}.Release|Any CPU.ActiveCfg = Release|Any CPU
		{C49C6D52-CFCF-4C59-A93D-901BDD92F45B}.Release|Any CPU.Build.0 = Release|Any CPU
		{2CB96F88-6E43-4A47-BBB3-3A8E9C6E61D1}.Debug|Any CPU.ActiveCfg = Debug|Any CPU
		{2CB96F88-6E43-4A47-BBB3-3A8E9C6E61D1}.Debug|Any CPU.Build.0 = Debug|Any CPU
		{2CB96F88-6E43-4A47-BBB3-3A8E9C6E61D1}.Release|Any CPU.ActiveCfg = Release|Any CPU
		{2CB96F88-6E43-4A47-BBB3-3A8E9C6E61D1}.Release|Any CPU.Build.0 = Release|Any CPU
		{0F1C5B80-B4E4-4A47-B08D-2FEE2B6F9DAE}.Debug|Any CPU.ActiveCfg = Debug|Any CPU
		{0F1C5B80-B4E4-4A47-B08D-2FEE2B6F9DAE}.Debug|Any CPU.Build.0 = Debug|Any CPU
		{0F1C5B80-B4E4-4A47-B08D-2FEE2B6F9DAE}.Release|Any CPU.ActiveCfg = Release|Any CPU
		{0F1C5B80-B4E4-4A47-B08D-2FEE2B6F9DAE}.Release|Any CPU.Build.0 = Release|Any CPU
		{D372160F-1D7C-4FB2-B7ED-07D494FE4224}.Debug|Any CPU.ActiveCfg = Debug|Any CPU
		{D372160F-1D7C-4FB2-B7ED-07D494FE4224}.Debug|Any CPU.Build.0 = Debug|Any CPU
		{D372160F-1D7C-4FB2-B7ED-07D494FE4224}.Release|Any CPU.ActiveCfg = Release|Any CPU
		{D372160F-1D7C-4FB2-B7ED-07D494FE4224}.Release|Any CPU.Build.0 = Release|Any CPU
		{D63DCA85-F2E1-469C-8AC5-917D9A62C192}.Debug|Any CPU.ActiveCfg = Debug|Any CPU
		{D63DCA85-F2E1-469C-8AC5-917D9A62C192}.Debug|Any CPU.Build.0 = Debug|Any CPU
		{D63DCA85-F2E1-469C-8AC5-917D9A62C192}.Release|Any CPU.ActiveCfg = Release|Any CPU
		{D63DCA85-F2E1-469C-8AC5-917D9A62C192}.Release|Any CPU.Build.0 = Release|Any CPU
		{42E18AC8-5FA1-4DB4-BEC9-23C6ECC0E66C}.Debug|Any CPU.ActiveCfg = Debug|Any CPU
		{42E18AC8-5FA1-4DB4-BEC9-23C6ECC0E66C}.Debug|Any CPU.Build.0 = Debug|Any CPU
		{42E18AC8-5FA1-4DB4-BEC9-23C6ECC0E66C}.Release|Any CPU.ActiveCfg = Release|Any CPU
		{42E18AC8-5FA1-4DB4-BEC9-23C6ECC0E66C}.Release|Any CPU.Build.0 = Release|Any CPU
	EndGlobalSection
	GlobalSection(SolutionProperties) = preSolution
		HideSolutionNode = FALSE
	EndGlobalSection
	GlobalSection(NestedProjects) = preSolution
		{A42B80B8-77DE-48F0-9988-5F512CBE98DA} = {53737721-BD6F-4C5D-A34B-B1664C7847FB}
		{765AEB19-E5A8-4DAB-89CF-1CDDDAF83B16} = {53737721-BD6F-4C5D-A34B-B1664C7847FB}
		{0F1C5B80-B4E4-4A47-B08D-2FEE2B6F9DAE} = {53737721-BD6F-4C5D-A34B-B1664C7847FB}
	EndGlobalSection
	GlobalSection(ExtensibilityGlobals) = postSolution
		SolutionGuid = {AFB82124-49F1-43CE-97D9-30E4724A0005}
	EndGlobalSection
EndGlobal
