
Microsoft Visual Studio Solution File, Format Version 12.00
# Visual Studio Version 16
VisualStudioVersion = 16.0.29806.167
MinimumVisualStudioVersion = 10.0.40219.1
Project("{FAE04EC0-301F-11D3-BF4B-00C04F79EFBC}") = "FuncEnqueueMetadata", "FuncEnqueueMetadata\FuncEnqueueMetadata.csproj", "{6DD434B0-6301-48D5-BD39-6A3A8C4E0C89}"
EndProject
Project("{FAE04EC0-301F-11D3-BF4B-00C04F79EFBC}") = "MetadataEnqueuer", "MetadataEnqueuer\MetadataEnqueuer.csproj", "{B43B65CE-26DB-4987-A7CB-CAF90C528765}"
EndProject
Project("{FAE04EC0-301F-11D3-BF4B-00C04F79EFBC}") = "MetadataProvider", "MetadataProvider\MetadataProvider.csproj", "{08836F60-1C89-43FA-A552-FF1015E8346D}"
EndProject
Project("{FAE04EC0-301F-11D3-BF4B-00C04F79EFBC}") = "MetadataOrchestrator", "MetadataOrchestrator\MetadataOrchestrator.csproj", "{A448908B-C254-4413-8898-5A5B3EA7422E}"
EndProject
Project("{FAE04EC0-301F-11D3-BF4B-00C04F79EFBC}") = "FuncDistributor", "FuncDistributor\FuncDistributor.csproj", "{A7139D1A-4DF6-4CA6-9F01-1C628D1961A1}"
EndProject
Project("{FAE04EC0-301F-11D3-BF4B-00C04F79EFBC}") = "Distributor", "Distributor\Distributor.csproj", "{5F8A7C50-1562-4024-858D-50720AC476E7}"
EndProject
Project("{2150E333-8FDC-42A3-9474-1A3956D46DE8}") = "Enqueuing", "Enqueuing", "{98F5730B-CE9F-4C0E-9D22-04E89DCB0EBE}"
EndProject
Project("{2150E333-8FDC-42A3-9474-1A3956D46DE8}") = "Distribution", "Distribution", "{D5CC60C2-AEC7-408D-9ADE-CF4089AB7EA5}"
EndProject
Global
	GlobalSection(SolutionConfigurationPlatforms) = preSolution
		Debug|Any CPU = Debug|Any CPU
		Release|Any CPU = Release|Any CPU
	EndGlobalSection
	GlobalSection(ProjectConfigurationPlatforms) = postSolution
		{6DD434B0-6301-48D5-BD39-6A3A8C4E0C89}.Debug|Any CPU.ActiveCfg = Debug|Any CPU
		{6DD434B0-6301-48D5-BD39-6A3A8C4E0C89}.Debug|Any CPU.Build.0 = Debug|Any CPU
		{6DD434B0-6301-48D5-BD39-6A3A8C4E0C89}.Release|Any CPU.ActiveCfg = Release|Any CPU
		{6DD434B0-6301-48D5-BD39-6A3A8C4E0C89}.Release|Any CPU.Build.0 = Release|Any CPU
		{B43B65CE-26DB-4987-A7CB-CAF90C528765}.Debug|Any CPU.ActiveCfg = Debug|Any CPU
		{B43B65CE-26DB-4987-A7CB-CAF90C528765}.Debug|Any CPU.Build.0 = Debug|Any CPU
		{B43B65CE-26DB-4987-A7CB-CAF90C528765}.Release|Any CPU.ActiveCfg = Release|Any CPU
		{B43B65CE-26DB-4987-A7CB-CAF90C528765}.Release|Any CPU.Build.0 = Release|Any CPU
		{08836F60-1C89-43FA-A552-FF1015E8346D}.Debug|Any CPU.ActiveCfg = Debug|Any CPU
		{08836F60-1C89-43FA-A552-FF1015E8346D}.Debug|Any CPU.Build.0 = Debug|Any CPU
		{08836F60-1C89-43FA-A552-FF1015E8346D}.Release|Any CPU.ActiveCfg = Release|Any CPU
		{08836F60-1C89-43FA-A552-FF1015E8346D}.Release|Any CPU.Build.0 = Release|Any CPU
		{A448908B-C254-4413-8898-5A5B3EA7422E}.Debug|Any CPU.ActiveCfg = Debug|Any CPU
		{A448908B-C254-4413-8898-5A5B3EA7422E}.Debug|Any CPU.Build.0 = Debug|Any CPU
		{A448908B-C254-4413-8898-5A5B3EA7422E}.Release|Any CPU.ActiveCfg = Release|Any CPU
		{A448908B-C254-4413-8898-5A5B3EA7422E}.Release|Any CPU.Build.0 = Release|Any CPU
		{A7139D1A-4DF6-4CA6-9F01-1C628D1961A1}.Debug|Any CPU.ActiveCfg = Debug|Any CPU
		{A7139D1A-4DF6-4CA6-9F01-1C628D1961A1}.Debug|Any CPU.Build.0 = Debug|Any CPU
		{A7139D1A-4DF6-4CA6-9F01-1C628D1961A1}.Release|Any CPU.ActiveCfg = Release|Any CPU
		{A7139D1A-4DF6-4CA6-9F01-1C628D1961A1}.Release|Any CPU.Build.0 = Release|Any CPU
		{5F8A7C50-1562-4024-858D-50720AC476E7}.Debug|Any CPU.ActiveCfg = Debug|Any CPU
		{5F8A7C50-1562-4024-858D-50720AC476E7}.Debug|Any CPU.Build.0 = Debug|Any CPU
		{5F8A7C50-1562-4024-858D-50720AC476E7}.Release|Any CPU.ActiveCfg = Release|Any CPU
		{5F8A7C50-1562-4024-858D-50720AC476E7}.Release|Any CPU.Build.0 = Release|Any CPU
	EndGlobalSection
	GlobalSection(SolutionProperties) = preSolution
		HideSolutionNode = FALSE
	EndGlobalSection
	GlobalSection(NestedProjects) = preSolution
		{6DD434B0-6301-48D5-BD39-6A3A8C4E0C89} = {98F5730B-CE9F-4C0E-9D22-04E89DCB0EBE}
		{B43B65CE-26DB-4987-A7CB-CAF90C528765} = {98F5730B-CE9F-4C0E-9D22-04E89DCB0EBE}
		{08836F60-1C89-43FA-A552-FF1015E8346D} = {98F5730B-CE9F-4C0E-9D22-04E89DCB0EBE}
		{A448908B-C254-4413-8898-5A5B3EA7422E} = {98F5730B-CE9F-4C0E-9D22-04E89DCB0EBE}
		{A7139D1A-4DF6-4CA6-9F01-1C628D1961A1} = {D5CC60C2-AEC7-408D-9ADE-CF4089AB7EA5}
		{5F8A7C50-1562-4024-858D-50720AC476E7} = {D5CC60C2-AEC7-408D-9ADE-CF4089AB7EA5}
	EndGlobalSection
	GlobalSection(ExtensibilityGlobals) = postSolution
		SolutionGuid = {6BA97CEA-4710-4EE9-96D1-45574720560E}
	EndGlobalSection
EndGlobal
